dependencies:
  esp_io_expander_pca9535:
    dependencies:
    - name: espressif/esp_io_expander
      public: true
      version: ^1.0.1
    - name: idf
      version: '>=5.2.0'
    source:
      path: /Users/alex/Desktop/esp_io_expander_pca9535
      type: local
    version: 1.0.0
  espressif/esp_io_expander:
    component_hash: fbc0de4082fc7c207dc98a93a0ed83d1a929a4ecee83cc567afb406f3ee6d4a6
    dependencies:
    - name: idf
      registry_url: https://components.espressif.com
      require: private
      version: '>=4.4.2'
    source:
      registry_url: https://components.espressif.com/
      type: service
    version: 1.0.1
  idf:
    source:
      type: idf
    version: 5.4.0
direct_dependencies:
- esp_io_expander_pca9535
- idf
manifest_hash: 07afff6558e7d667bb7f1f6be5e1a1e3ac6fafcaf1d4a1b56e890870ffc6ae2d
target: esp32s3
version: 2.0.0
